
Microsoft Visual Studio Solution File, Format Version 12.00
# Visual Studio Version 16
VisualStudioVersion = 16.0.30413.136
MinimumVisualStudioVersion = 10.0.40219.1
Project("{FAE04EC0-301F-11D3-BF4B-00C04F79EFBC}") = "Menu_1", "Menu_1\Menu_1.csproj", "{145ED19B-B8D0-43B7-9BF9-22899A1C9143}"
EndProject
Global
	GlobalSection(SolutionConfigurationPlatforms) = preSolution
		Debug|Any CPU = Debug|Any CPU
		Release|Any CPU = Release|Any CPU
	EndGlobalSection
	GlobalSection(ProjectConfigurationPlatforms) = postSolution
		{145ED19B-B8D0-43B7-9BF9-22899A1C9143}.Debug|Any CPU.ActiveCfg = Debug|Any CPU
		{145ED19B-B8D0-43B7-9BF9-22899A1C9143}.Debug|Any CPU.Build.0 = Debug|Any CPU
		{145ED19B-B8D0-43B7-9BF9-22899A1C9143}.Release|Any CPU.ActiveCfg = Release|Any CPU
		{145ED19B-B8D0-43B7-9BF9-22899A1C9143}.Release|Any CPU.Build.0 = Release|Any CPU
	EndGlobalSection
	GlobalSection(SolutionProperties) = preSolution
		HideSolutionNode = FALSE
	EndGlobalSection
	GlobalSection(ExtensibilityGlobals) = postSolution
		SolutionGuid = {CDD2ABFC-23B7-4E77-87DC-0F202F33CA1D}
	EndGlobalSection
EndGlobal
